{
  "name": "duke_java",
  "lockfileVersion": 2,
  "requires": true,
  "packages": {
    "": {
      "dependencies": {
        "jdk": "^0.0.0"
      }
    },
    "node_modules/jdk": {
      "version": "0.0.0",
      "resolved": "https://registry.npmjs.org/jdk/-/jdk-0.0.0.tgz",
      "integrity": "sha512-XdX/0p3pHe0z5YfHfav3Dj2FPb13euR5yWZemd23KMapqzdddeTS3KN/HKHk18qA1BQ9YdH/a8UwuNMLWKcxTw==",
      "bin": {
        "jdk": "bin/jdk"
      },
      "engines": {
        "node": ">= 6.0.0"
      }
    }
  },
  "dependencies": {
    "jdk": {
      "version": "0.0.0",
      "resolved": "https://registry.npmjs.org/jdk/-/jdk-0.0.0.tgz",
      "integrity": "sha512-XdX/0p3pHe0z5YfHfav3Dj2FPb13euR5yWZemd23KMapqzdddeTS3KN/HKHk18qA1BQ9YdH/a8UwuNMLWKcxTw=="
    }
  }
}
